// !$*UTF8*$!
{
	archiveVersion = 1;
	classes = {
	};
	objectVersion = 50;
	objects = {

/* Begin PBXBuildFile section */
		B8152599226CE48900D65702 /* main.m in Sources */ = {isa = PBXBuildFile; fileRef = B8152598226CE48900D65702 /* main.m */; };
		B8F2D0CD226D4FD300C829DD /* libjailbreak_mig.m in Sources */ = {isa = PBXBuildFile; fileRef = B8F2D0CC226D4FD300C829DD /* libjailbreak_mig.m */; };
		B8F2D0D1226D4FFD00C829DD /* jailbreak_daemonUser.c in Sources */ = {isa = PBXBuildFile; fileRef = B8F2D0CF226D4FFD00C829DD /* jailbreak_daemonUser.c */; };
/* End PBXBuildFile section */

/* Begin PBXFileReference section */
		B8152594226CE48900D65702 /* jelbrekd_client */ = {isa = PBXFileReference; explicitFileType = "compiled.mach-o.dylib"; includeInIndex = 0; path = jelbrekd_client; sourceTree = BUILT_PRODUCTS_DIR; };
		B8152598226CE48900D65702 /* main.m */ = {isa = PBXFileReference; lastKnownFileType = sourcecode.c.objc; path = main.m; sourceTree = "<group>"; };
		B8F2D0CB226D4FBB00C829DD /* libjailbreak_mig.h */ = {isa = PBXFileReference; lastKnownFileType = sourcecode.c.h; path = libjailbreak_mig.h; sourceTree = "<group>"; };
		B8F2D0CC226D4FD300C829DD /* libjailbreak_mig.m */ = {isa = PBXFileReference; lastKnownFileType = sourcecode.c.objc; path = libjailbreak_mig.m; sourceTree = "<group>"; };
		B8F2D0CF226D4FFD00C829DD /* jailbreak_daemonUser.c */ = {isa = PBXFileReference; lastKnownFileType = sourcecode.c.c; path = jailbreak_daemonUser.c; sourceTree = "<group>"; };
		B8F2D0D0226D4FFD00C829DD /* jailbreak_daemonUser.h */ = {isa = PBXFileReference; lastKnownFileType = sourcecode.c.h; path = jailbreak_daemonUser.h; sourceTree = "<group>"; };
/* End PBXFileReference section */

/* Begin PBXFrameworksBuildPhase section */
		B8152591226CE48900D65702 /* Frameworks */ = {
			isa = PBXFrameworksBuildPhase;
			buildActionMask = 2147483647;
			files = (
			);
			runOnlyForDeploymentPostprocessing = 0;
		};
/* End PBXFrameworksBuildPhase section */

/* Begin PBXGroup section */
		B815258B226CE48900D65702 = {
			isa = PBXGroup;
			children = (
				B8152596226CE48900D65702 /* jelbrekd_client */,
				B8152595226CE48900D65702 /* Products */,
			);
			sourceTree = "<group>";
		};
		B8152595226CE48900D65702 /* Products */ = {
			isa = PBXGroup;
			children = (
				B8152594226CE48900D65702 /* jelbrekd_client */,
			);
			name = Products;
			sourceTree = "<group>";
		};
		B8152596226CE48900D65702 /* jelbrekd_client */ = {
			isa = PBXGroup;
			children = (
				B8F2D0CA226D4FAD00C829DD /* libjailbreak_mig */,
				B8152598226CE48900D65702 /* main.m */,
			);
			path = jelbrekd_client;
			sourceTree = "<group>";
		};
		B8F2D0CA226D4FAD00C829DD /* libjailbreak_mig */ = {
			isa = PBXGroup;
			children = (
				B8F2D0CE226D4FEF00C829DD /* user */,
				B8F2D0CB226D4FBB00C829DD /* libjailbreak_mig.h */,
				B8F2D0CC226D4FD300C829DD /* libjailbreak_mig.m */,
			);
			path = libjailbreak_mig;
			sourceTree = "<group>";
		};
		B8F2D0CE226D4FEF00C829DD /* user */ = {
			isa = PBXGroup;
			children = (
				B8F2D0CF226D4FFD00C829DD /* jailbreak_daemonUser.c */,
				B8F2D0D0226D4FFD00C829DD /* jailbreak_daemonUser.h */,
			);
			path = user;
			sourceTree = "<group>";
		};
/* End PBXGroup section */

/* Begin PBXNativeTarget section */
		B8152593226CE48900D65702 /* jelbrekd_client */ = {
			isa = PBXNativeTarget;
			buildConfigurationList = B815259D226CE48900D65702 /* Build configuration list for PBXNativeTarget "jelbrekd_client" */;
			buildPhases = (
				B8152590226CE48900D65702 /* Sources */,
				B8152591226CE48900D65702 /* Frameworks */,
			);
			buildRules = (
			);
			dependencies = (
			);
			name = jelbrekd_client;
			productName = jelbrekd_client;
			productReference = B8152594226CE48900D65702 /* jelbrekd_client */;
			productType = "com.apple.product-type.library.dynamic";
		};
/* End PBXNativeTarget section */

/* Begin PBXProject section */
		B815258C226CE48900D65702 /* Project object */ = {
			isa = PBXProject;
			attributes = {
				LastUpgradeCheck = 1010;
				ORGANIZATIONNAME = "Tanay Findley";
				TargetAttributes = {
					B8152593226CE48900D65702 = {
						CreatedOnToolsVersion = 10.1;
					};
				};
			};
			buildConfigurationList = B815258F226CE48900D65702 /* Build configuration list for PBXProject "jelbrekd_client" */;
			compatibilityVersion = "Xcode 9.3";
			developmentRegion = en;
			hasScannedForEncodings = 0;
			knownRegions = (
				en,
			);
			mainGroup = B815258B226CE48900D65702;
			productRefGroup = B8152595226CE48900D65702 /* Products */;
			projectDirPath = "";
			projectRoot = "";
			targets = (
				B8152593226CE48900D65702 /* jelbrekd_client */,
			);
		};
/* End PBXProject section */

/* Begin PBXSourcesBuildPhase section */
		B8152590226CE48900D65702 /* Sources */ = {
			isa = PBXSourcesBuildPhase;
			buildActionMask = 2147483647;
			files = (
				B8F2D0D1226D4FFD00C829DD /* jailbreak_daemonUser.c in Sources */,
				B8152599226CE48900D65702 /* main.m in Sources */,
				B8F2D0CD226D4FD300C829DD /* libjailbreak_mig.m in Sources */,
			);
			runOnlyForDeploymentPostprocessing = 0;
		};
/* End PBXSourcesBuildPhase section */

/* Begin XCBuildConfiguration section */
		B815259B226CE48900D65702 /* Debug */ = {
			isa = XCBuildConfiguration;
			buildSettings = {
				ALWAYS_SEARCH_USER_PATHS = NO;
				CLANG_ANALYZER_NONNULL = YES;
				CLANG_ANALYZER_NUMBER_OBJECT_CONVERSION = YES_AGGRESSIVE;
				CLANG_CXX_LANGUAGE_STANDARD = "gnu++14";
				CLANG_CXX_LIBRARY = "libc++";
				CLANG_ENABLE_MODULES = YES;
				CLANG_ENABLE_OBJC_ARC = YES;
				CLANG_ENABLE_OBJC_WEAK = YES;
				CLANG_WARN_BLOCK_CAPTURE_AUTORELEASING = YES;
				CLANG_WARN_BOOL_CONVERSION = YES;
				CLANG_WARN_COMMA = YES;
				CLANG_WARN_CONSTANT_CONVERSION = YES;
				CLANG_WARN_DEPRECATED_OBJC_IMPLEMENTATIONS = YES;
				CLANG_WARN_DIRECT_OBJC_ISA_USAGE = YES_ERROR;
				CLANG_WARN_DOCUMENTATION_COMMENTS = YES;
				CLANG_WARN_EMPTY_BODY = YES;
				CLANG_WARN_ENUM_CONVERSION = YES;
				CLANG_WARN_INFINITE_RECURSION = YES;
				CLANG_WARN_INT_CONVERSION = YES;
				CLANG_WARN_NON_LITERAL_NULL_CONVERSION = YES;
				CLANG_WARN_OBJC_IMPLICIT_RETAIN_SELF = YES;
				CLANG_WARN_OBJC_LITERAL_CONVERSION = YES;
				CLANG_WARN_OBJC_ROOT_CLASS = YES_ERROR;
				CLANG_WARN_RANGE_LOOP_ANALYSIS = YES;
				CLANG_WARN_STRICT_PROTOTYPES = YES;
				CLANG_WARN_SUSPICIOUS_MOVE = YES;
				CLANG_WARN_UNGUARDED_AVAILABILITY = YES_AGGRESSIVE;
				CLANG_WARN_UNREACHABLE_CODE = YES;
				CLANG_WARN__DUPLICATE_METHOD_MATCH = YES;
				CODE_SIGN_IDENTITY = "iPhone Developer";
				COPY_PHASE_STRIP = NO;
				DEBUG_INFORMATION_FORMAT = dwarf;
				ENABLE_STRICT_OBJC_MSGSEND = YES;
				ENABLE_TESTABILITY = YES;
				GCC_C_LANGUAGE_STANDARD = gnu11;
				GCC_DYNAMIC_NO_PIC = NO;
				GCC_NO_COMMON_BLOCKS = YES;
				GCC_OPTIMIZATION_LEVEL = 0;
				GCC_PREPROCESSOR_DEFINITIONS = (
					"DEBUG=1",
					"$(inherited)",
				);
				GCC_WARN_64_TO_32_BIT_CONVERSION = YES;
				GCC_WARN_ABOUT_RETURN_TYPE = YES_ERROR;
				GCC_WARN_UNDECLARED_SELECTOR = YES;
				GCC_WARN_UNINITIALIZED_AUTOS = YES_AGGRESSIVE;
				GCC_WARN_UNUSED_FUNCTION = YES;
				GCC_WARN_UNUSED_VARIABLE = YES;
				IPHONEOS_DEPLOYMENT_TARGET = 12.1;
				MTL_ENABLE_DEBUG_INFO = INCLUDE_SOURCE;
				MTL_FAST_MATH = YES;
				ONLY_ACTIVE_ARCH = YES;
				SDKROOT = iphoneos;
			};
			name = Debug;
		};
		B815259C226CE48900D65702 /* Release */ = {
			isa = XCBuildConfiguration;
			buildSettings = {
				ALWAYS_SEARCH_USER_PATHS = NO;
				CLANG_ANALYZER_NONNULL = YES;
				CLANG_ANALYZER_NUMBER_OBJECT_CONVERSION = YES_AGGRESSIVE;
				CLANG_CXX_LANGUAGE_STANDARD = "gnu++14";
				CLANG_CXX_LIBRARY = "libc++";
				CLANG_ENABLE_MODULES = YES;
				CLANG_ENABLE_OBJC_ARC = YES;
				CLANG_ENABLE_OBJC_WEAK = YES;
				CLANG_WARN_BLOCK_CAPTURE_AUTORELEASING = YES;
				CLANG_WARN_BOOL_CONVERSION = YES;
				CLANG_WARN_COMMA = YES;
				CLANG_WARN_CONSTANT_CONVERSION = YES;
				CLANG_WARN_DEPRECATED_OBJC_IMPLEMENTATIONS = YES;
				CLANG_WARN_DIRECT_OBJC_ISA_USAGE = YES_ERROR;
				CLANG_WARN_DOCUMENTATION_COMMENTS = YES;
				CLANG_WARN_EMPTY_BODY = YES;
				CLANG_WARN_ENUM_CONVERSION = YES;
				CLANG_WARN_INFINITE_RECURSION = YES;
				CLANG_WARN_INT_CONVERSION = YES;
				CLANG_WARN_NON_LITERAL_NULL_CONVERSION = YES;
				CLANG_WARN_OBJC_IMPLICIT_RETAIN_SELF = YES;
				CLANG_WARN_OBJC_LITERAL_CONVERSION = YES;
				CLANG_WARN_OBJC_ROOT_CLASS = YES_ERROR;
				CLANG_WARN_RANGE_LOOP_ANALYSIS = YES;
				CLANG_WARN_STRICT_PROTOTYPES = YES;
				CLANG_WARN_SUSPICIOUS_MOVE = YES;
				CLANG_WARN_UNGUARDED_AVAILABILITY = YES_AGGRESSIVE;
				CLANG_WARN_UNREACHABLE_CODE = YES;
				CLANG_WARN__DUPLICATE_METHOD_MATCH = YES;
				CODE_SIGN_IDENTITY = "iPhone Developer";
				COPY_PHASE_STRIP = NO;
				DEBUG_INFORMATION_FORMAT = "dwarf-with-dsym";
				ENABLE_NS_ASSERTIONS = NO;
				ENABLE_STRICT_OBJC_MSGSEND = YES;
				GCC_C_LANGUAGE_STANDARD = gnu11;
				GCC_NO_COMMON_BLOCKS = YES;
				GCC_WARN_64_TO_32_BIT_CONVERSION = YES;
				GCC_WARN_ABOUT_RETURN_TYPE = YES_ERROR;
				GCC_WARN_UNDECLARED_SELECTOR = YES;
				GCC_WARN_UNINITIALIZED_AUTOS = YES_AGGRESSIVE;
				GCC_WARN_UNUSED_FUNCTION = YES;
				GCC_WARN_UNUSED_VARIABLE = YES;
				IPHONEOS_DEPLOYMENT_TARGET = 12.1;
				MTL_ENABLE_DEBUG_INFO = NO;
				MTL_FAST_MATH = YES;
				SDKROOT = iphoneos;
				VALIDATE_PRODUCT = YES;
			};
			name = Release;
		};
		B815259E226CE48900D65702 /* Debug */ = {
			isa = XCBuildConfiguration;
			buildSettings = {
				ARCHS = (
					arm64,
					arm64e,
				);
				CODE_SIGN_STYLE = Automatic;
				DEVELOPMENT_TEAM = 95MPSDK9P6;
				DYLIB_COMPATIBILITY_VERSION = "";
				DYLIB_CURRENT_VERSION = "";
				EXECUTABLE_SUFFIX = "";
				IPHONEOS_DEPLOYMENT_TARGET = 12.0;
				MACH_O_TYPE = mh_execute;
				ONLY_ACTIVE_ARCH = NO;
				OTHER_LDFLAGS = "-ObjC";
				PRODUCT_NAME = "$(TARGET_NAME)";
				SKIP_INSTALL = YES;
				TARGETED_DEVICE_FAMILY = "1,2";
				VALID_ARCHS = "arm64 arm64e";
			};
			name = Debug;
		};
		B815259F226CE48900D65702 /* Release */ = {
			isa = XCBuildConfiguration;
			buildSettings = {
				ARCHS = (
					arm64,
					arm64e,
				);
				CODE_SIGN_STYLE = Automatic;
				DEVELOPMENT_TEAM = 95MPSDK9P6;
				DYLIB_COMPATIBILITY_VERSION = "";
				DYLIB_CURRENT_VERSION = "";
				EXECUTABLE_SUFFIX = "";
				IPHONEOS_DEPLOYMENT_TARGET = 12.0;
				MACH_O_TYPE = mh_execute;
				ONLY_ACTIVE_ARCH = NO;
				OTHER_LDFLAGS = "-ObjC";
				PRODUCT_NAME = "$(TARGET_NAME)";
				SKIP_INSTALL = YES;
				TARGETED_DEVICE_FAMILY = "1,2";
				VALID_ARCHS = "arm64 arm64e";
			};
			name = Release;
		};
/* End XCBuildConfiguration section */

/* Begin XCConfigurationList section */
		B815258F226CE48900D65702 /* Build configuration list for PBXProject "jelbrekd_client" */ = {
			isa = XCConfigurationList;
			buildConfigurations = (
				B815259B226CE48900D65702 /* Debug */,
				B815259C226CE48900D65702 /* Release */,
			);
			defaultConfigurationIsVisible = 0;
			defaultConfigurationName = Release;
		};
		B815259D226CE48900D65702 /* Build configuration list for PBXNativeTarget "jelbrekd_client" */ = {
			isa = XCConfigurationList;
			buildConfigurations = (
				B815259E226CE48900D65702 /* Debug */,
				B815259F226CE48900D65702 /* Release */,
			);
			defaultConfigurationIsVisible = 0;
			defaultConfigurationName = Release;
		};
/* End XCConfigurationList section */
	};
	rootObject = B815258C226CE48900D65702 /* Project object */;
}
